
Microsoft Visual Studio Solution File, Format Version 12.00
# Visual Studio Version 16
VisualStudioVersion = 16.0.808.5
MinimumVisualStudioVersion = 10.0.40219.1
Project("{FAE04EC0-301F-11D3-BF4B-00C04F79EFBC}") = "Mobile.Code.iOS", "Mobile.Code.iOS.csproj", "{3188AA6A-C0D6-4EBA-AB3D-FCC11B2BBBE0}"
EndProject
Global
	GlobalSection(SolutionConfigurationPlatforms) = preSolution
		Debug|iPhoneSimulator = Debug|iPhoneSimulator
		Release|iPhoneSimulator = Release|iPhoneSimulator
		Debug|iPhone = Debug|iPhone
		Release|iPhone = Release|iPhone
		Debug|Any CPU = Debug|Any CPU
		Release/iPhone|Any CPU = Release/iPhone|Any CPU
	EndGlobalSection
	GlobalSection(ProjectConfigurationPlatforms) = postSolution
		{3188AA6A-C0D6-4EBA-AB3D-FCC11B2BBBE0}.Debug|iPhoneSimulator.ActiveCfg = Debug|iPhoneSimulator
		{3188AA6A-C0D6-4EBA-AB3D-FCC11B2BBBE0}.Debug|iPhoneSimulator.Build.0 = Debug|iPhoneSimulator
		{3188AA6A-C0D6-4EBA-AB3D-FCC11B2BBBE0}.Release|iPhoneSimulator.ActiveCfg = Release|iPhoneSimulator
		{3188AA6A-C0D6-4EBA-AB3D-FCC11B2BBBE0}.Release|iPhoneSimulator.Build.0 = Release|iPhoneSimulator
		{3188AA6A-C0D6-4EBA-AB3D-FCC11B2BBBE0}.Debug|iPhone.ActiveCfg = Debug|iPhone
		{3188AA6A-C0D6-4EBA-AB3D-FCC11B2BBBE0}.Debug|iPhone.Build.0 = Debug|iPhone
		{3188AA6A-C0D6-4EBA-AB3D-FCC11B2BBBE0}.Release|iPhone.ActiveCfg = Release|iPhone
		{3188AA6A-C0D6-4EBA-AB3D-FCC11B2BBBE0}.Release|iPhone.Build.0 = Release|iPhone
		{3188AA6A-C0D6-4EBA-AB3D-FCC11B2BBBE0}.Debug|Any CPU.ActiveCfg = Debug|Any CPU
		{3188AA6A-C0D6-4EBA-AB3D-FCC11B2BBBE0}.Debug|Any CPU.Build.0 = Debug|Any CPU
		{3188AA6A-C0D6-4EBA-AB3D-FCC11B2BBBE0}.Release/iPhone|Any CPU.ActiveCfg = Release/iPhone|Any CPU
		{3188AA6A-C0D6-4EBA-AB3D-FCC11B2BBBE0}.Release/iPhone|Any CPU.Build.0 = Release/iPhone|Any CPU
	EndGlobalSection
	GlobalSection(SolutionProperties) = preSolution
		HideSolutionNode = FALSE
	EndGlobalSection
	GlobalSection(ExtensibilityGlobals) = postSolution
		SolutionGuid = {255F0549-0603-4F69-BA9F-454CC11BF57B}
	EndGlobalSection
EndGlobal
